
Microsoft Visual Studio Solution File, Format Version 12.00
# Visual Studio 15
VisualStudioVersion = 15.0.27703.2018
MinimumVisualStudioVersion = 10.0.40219.1
Project("{9A19103F-16F7-4668-BE54-9A1E7A4F7556}") = "RomanNumeralsKata", "RomanNumeralsKata\RomanNumeralsKata.csproj", "{49DABEF0-8ED7-485E-AE1B-F4962FC5E8D0}"
EndProject
Project("{2150E333-8FDC-42A3-9474-1A3956D46DE8}") = "Solution Items", "Solution Items", "{A1B3D7BC-7939-4656-8B97-A52E7B7004FF}"
	ProjectSection(SolutionItems) = preProject
		ReadMe.md = ReadMe.md
	EndProjectSection
EndProject
Project("{9A19103F-16F7-4668-BE54-9A1E7A4F7556}") = "StringCalculatorKata", "StringCalculatorKata\StringCalculatorKata.csproj", "{9B1E16BA-1913-47EE-B0C7-4A2BCB28E929}"
EndProject
Project("{FAE04EC0-301F-11D3-BF4B-00C04F79EFBC}") = "LcdDigits", "LcdDigits\LcdDigits.csproj", "{1101FC6D-F568-4C5F-B45D-8B3DAEDA7153}"
EndProject
Global
	GlobalSection(SolutionConfigurationPlatforms) = preSolution
		Debug|Any CPU = Debug|Any CPU
		Release|Any CPU = Release|Any CPU
	EndGlobalSection
	GlobalSection(ProjectConfigurationPlatforms) = postSolution
		{49DABEF0-8ED7-485E-AE1B-F4962FC5E8D0}.Debug|Any CPU.ActiveCfg = Debug|Any CPU
		{49DABEF0-8ED7-485E-AE1B-F4962FC5E8D0}.Debug|Any CPU.Build.0 = Debug|Any CPU
		{49DABEF0-8ED7-485E-AE1B-F4962FC5E8D0}.Release|Any CPU.ActiveCfg = Release|Any CPU
		{49DABEF0-8ED7-485E-AE1B-F4962FC5E8D0}.Release|Any CPU.Build.0 = Release|Any CPU
		{9B1E16BA-1913-47EE-B0C7-4A2BCB28E929}.Debug|Any CPU.ActiveCfg = Debug|Any CPU
		{9B1E16BA-1913-47EE-B0C7-4A2BCB28E929}.Debug|Any CPU.Build.0 = Debug|Any CPU
		{9B1E16BA-1913-47EE-B0C7-4A2BCB28E929}.Release|Any CPU.ActiveCfg = Release|Any CPU
		{9B1E16BA-1913-47EE-B0C7-4A2BCB28E929}.Release|Any CPU.Build.0 = Release|Any CPU
		{1101FC6D-F568-4C5F-B45D-8B3DAEDA7153}.Debug|Any CPU.ActiveCfg = Debug|Any CPU
		{1101FC6D-F568-4C5F-B45D-8B3DAEDA7153}.Debug|Any CPU.Build.0 = Debug|Any CPU
		{1101FC6D-F568-4C5F-B45D-8B3DAEDA7153}.Release|Any CPU.ActiveCfg = Release|Any CPU
		{1101FC6D-F568-4C5F-B45D-8B3DAEDA7153}.Release|Any CPU.Build.0 = Release|Any CPU
	EndGlobalSection
	GlobalSection(SolutionProperties) = preSolution
		HideSolutionNode = FALSE
	EndGlobalSection
	GlobalSection(ExtensibilityGlobals) = postSolution
		SolutionGuid = {16565417-CBB2-4624-865F-D4C544DE736E}
	EndGlobalSection
EndGlobal
